
Microsoft Visual Studio Solution File, Format Version 12.00
# Visual Studio Version 17
VisualStudioVersion = 17.14.37111.16
MinimumVisualStudioVersion = 10.0.40219.1
Project("{FAE04EC0-301F-11D3-BF4B-00C04F79EFBC}") = "NetCoreAi.Project1_ApiDemo", "NetCoreAi.Project1_ApiDemo\NetCoreAi.Project1_ApiDemo.csproj", "{79A47929-13C1-4323-A928-364C6711F694}"
EndProject
Project("{FAE04EC0-301F-11D3-BF4B-00C04F79EFBC}") = "NetCoreAi.Project2_ApiConsumerUI", "NetCoreAi.Project2_ApiConsumerUI\NetCoreAi.Project2_ApiConsumerUI.csproj", "{0605BE04-3DA3-48CE-A2FB-547F6ADF4551}"
EndProject
Project("{FAE04EC0-301F-11D3-BF4B-00C04F79EFBC}") = "NetCoreAi.Project3.1_RapidApi", "NetCoreAi.Project3.1_RapidApi\NetCoreAi.Project3.1_RapidApi.csproj", "{604A2AAD-D022-4633-847C-3FB28BEC4CE3}"
EndProject
Project("{FAE04EC0-301F-11D3-BF4B-00C04F79EFBC}") = "NetCoreAi.Project4_OpenAIChat", "NetCoreAi.Project4_OpenAIChat\NetCoreAi.Project4_OpenAIChat.csproj", "{BEB5B756-9A9A-4DB2-B447-17E47C31F1BA}"
EndProject
Global
	GlobalSection(SolutionConfigurationPlatforms) = preSolution
		Debug|Any CPU = Debug|Any CPU
		Release|Any CPU = Release|Any CPU
	EndGlobalSection
	GlobalSection(ProjectConfigurationPlatforms) = postSolution
		{79A47929-13C1-4323-A928-364C6711F694}.Debug|Any CPU.ActiveCfg = Debug|Any CPU
		{79A47929-13C1-4323-A928-364C6711F694}.Debug|Any CPU.Build.0 = Debug|Any CPU
		{79A47929-13C1-4323-A928-364C6711F694}.Release|Any CPU.ActiveCfg = Release|Any CPU
		{79A47929-13C1-4323-A928-364C6711F694}.Release|Any CPU.Build.0 = Release|Any CPU
		{0605BE04-3DA3-48CE-A2FB-547F6ADF4551}.Debug|Any CPU.ActiveCfg = Debug|Any CPU
		{0605BE04-3DA3-48CE-A2FB-547F6ADF4551}.Debug|Any CPU.Build.0 = Debug|Any CPU
		{0605BE04-3DA3-48CE-A2FB-547F6ADF4551}.Release|Any CPU.ActiveCfg = Release|Any CPU
		{0605BE04-3DA3-48CE-A2FB-547F6ADF4551}.Release|Any CPU.Build.0 = Release|Any CPU
		{604A2AAD-D022-4633-847C-3FB28BEC4CE3}.Debug|Any CPU.ActiveCfg = Debug|Any CPU
		{604A2AAD-D022-4633-847C-3FB28BEC4CE3}.Debug|Any CPU.Build.0 = Debug|Any CPU
		{604A2AAD-D022-4633-847C-3FB28BEC4CE3}.Release|Any CPU.ActiveCfg = Release|Any CPU
		{604A2AAD-D022-4633-847C-3FB28BEC4CE3}.Release|Any CPU.Build.0 = Release|Any CPU
		{BEB5B756-9A9A-4DB2-B447-17E47C31F1BA}.Debug|Any CPU.ActiveCfg = Debug|Any CPU
		{BEB5B756-9A9A-4DB2-B447-17E47C31F1BA}.Debug|Any CPU.Build.0 = Debug|Any CPU
		{BEB5B756-9A9A-4DB2-B447-17E47C31F1BA}.Release|Any CPU.ActiveCfg = Release|Any CPU
		{BEB5B756-9A9A-4DB2-B447-17E47C31F1BA}.Release|Any CPU.Build.0 = Release|Any CPU
	EndGlobalSection
	GlobalSection(SolutionProperties) = preSolution
		HideSolutionNode = FALSE
	EndGlobalSection
	GlobalSection(ExtensibilityGlobals) = postSolution
		SolutionGuid = {2A7F411E-BD12-4389-B20F-0B734870F5A8}
	EndGlobalSection
EndGlobal
